
Microsoft Visual Studio Solution File, Format Version 12.00
# Visual Studio Version 16
VisualStudioVersion = 16.0.32002.261
MinimumVisualStudioVersion = 10.0.40219.1
Project("{FAE04EC0-301F-11D3-BF4B-00C04F79EFBC}") = "RestaurantFinder", "RestaurantFinder\RestaurantFinder.csproj", "{CBA05048-03EC-460C-A5CA-D6A98E1FE763}"
EndProject
Global
	GlobalSection(SolutionConfigurationPlatforms) = preSolution
		Debug|Any CPU = Debug|Any CPU
		Release|Any CPU = Release|Any CPU
	EndGlobalSection
	GlobalSection(ProjectConfigurationPlatforms) = postSolution
		{CBA05048-03EC-460C-A5CA-D6A98E1FE763}.Debug|Any CPU.ActiveCfg = Debug|Any CPU
		{CBA05048-03EC-460C-A5CA-D6A98E1FE763}.Debug|Any CPU.Build.0 = Debug|Any CPU
		{CBA05048-03EC-460C-A5CA-D6A98E1FE763}.Release|Any CPU.ActiveCfg = Release|Any CPU
		{CBA05048-03EC-460C-A5CA-D6A98E1FE763}.Release|Any CPU.Build.0 = Release|Any CPU
	EndGlobalSection
	GlobalSection(SolutionProperties) = preSolution
		HideSolutionNode = FALSE
	EndGlobalSection
	GlobalSection(ExtensibilityGlobals) = postSolution
		SolutionGuid = {75C4DD01-5740-4B45-BA26-F8DB506DECA7}
	EndGlobalSection
EndGlobal
